
Microsoft Visual Studio Solution File, Format Version 12.00
# Visual Studio Version 16
VisualStudioVersion = 16.0.31624.102
MinimumVisualStudioVersion = 10.0.40219.1
Project("{FAE04EC0-301F-11D3-BF4B-00C04F79EFBC}") = "GameLauncher", "GameLauncher.csproj", "{DDA3733B-5C49-41C2-822C-31FE06B7B7EA}"
EndProject
Global
	GlobalSection(SolutionConfigurationPlatforms) = preSolution
		Debug|Any CPU = Debug|Any CPU
		Release|Any CPU = Release|Any CPU
	EndGlobalSection
	GlobalSection(ProjectConfigurationPlatforms) = postSolution
		{DDA3733B-5C49-41C2-822C-31FE06B7B7EA}.Debug|Any CPU.ActiveCfg = Debug|Any CPU
		{DDA3733B-5C49-41C2-822C-31FE06B7B7EA}.Debug|Any CPU.Build.0 = Debug|Any CPU
		{DDA3733B-5C49-41C2-822C-31FE06B7B7EA}.Release|Any CPU.ActiveCfg = Release|Any CPU
		{DDA3733B-5C49-41C2-822C-31FE06B7B7EA}.Release|Any CPU.Build.0 = Release|Any CPU
	EndGlobalSection
	GlobalSection(SolutionProperties) = preSolution
		HideSolutionNode = FALSE
	EndGlobalSection
	GlobalSection(ExtensibilityGlobals) = postSolution
		SolutionGuid = {5BF6F076-8051-400B-94E6-6A8D47C05517}
	EndGlobalSection
EndGlobal
